
Microsoft Visual Studio Solution File, Format Version 10.00
# Visual Studio 2008
Project("{FAE04EC0-301F-11D3-BF4B-00C04F79EFBC}") = "Filelocker", "Filelocker\Filelocker.csproj", "{61336407-B9EC-4883-BBA2-0C4879754AFA}"
EndProject
Global
	GlobalSection(SolutionConfigurationPlatforms) = preSolution
		Debug|iPhoneSimulator = Debug|iPhoneSimulator
		Release|iPhoneSimulator = Release|iPhoneSimulator
		Debug|iPhone = Debug|iPhone
		Release|iPhone = Release|iPhone
	EndGlobalSection
	GlobalSection(ProjectConfigurationPlatforms) = postSolution
		{61336407-B9EC-4883-BBA2-0C4879754AFA}.Debug|iPhone.ActiveCfg = Debug|iPhone
		{61336407-B9EC-4883-BBA2-0C4879754AFA}.Debug|iPhone.Build.0 = Debug|iPhone
		{61336407-B9EC-4883-BBA2-0C4879754AFA}.Debug|iPhoneSimulator.ActiveCfg = Debug|iPhoneSimulator
		{61336407-B9EC-4883-BBA2-0C4879754AFA}.Debug|iPhoneSimulator.Build.0 = Debug|iPhoneSimulator
		{61336407-B9EC-4883-BBA2-0C4879754AFA}.Release|iPhone.ActiveCfg = Release|iPhone
		{61336407-B9EC-4883-BBA2-0C4879754AFA}.Release|iPhone.Build.0 = Release|iPhone
		{61336407-B9EC-4883-BBA2-0C4879754AFA}.Release|iPhoneSimulator.ActiveCfg = Release|iPhoneSimulator
		{61336407-B9EC-4883-BBA2-0C4879754AFA}.Release|iPhoneSimulator.Build.0 = Release|iPhoneSimulator
	EndGlobalSection
	GlobalSection(MonoDevelopProperties) = preSolution
		StartupItem = Filelocker\Filelocker.csproj
	EndGlobalSection
EndGlobal
